
Microsoft Visual Studio Solution File, Format Version 12.00
# Visual Studio Version 17
VisualStudioVersion = 17.7.34031.279
MinimumVisualStudioVersion = 10.0.40219.1
Project("{FAE04EC0-301F-11D3-BF4B-00C04F79EFBC}") = "eLibraryApi", "eLibraryApi.csproj", "{D5D3E6B9-6311-4DEE-A7A2-7791EE36CA31}"
EndProject
Global
	GlobalSection(SolutionConfigurationPlatforms) = preSolution
		Debug|Any CPU = Debug|Any CPU
		Release|Any CPU = Release|Any CPU
	EndGlobalSection
	GlobalSection(ProjectConfigurationPlatforms) = postSolution
		{D5D3E6B9-6311-4DEE-A7A2-7791EE36CA31}.Debug|Any CPU.ActiveCfg = Debug|Any CPU
		{D5D3E6B9-6311-4DEE-A7A2-7791EE36CA31}.Debug|Any CPU.Build.0 = Debug|Any CPU
		{D5D3E6B9-6311-4DEE-A7A2-7791EE36CA31}.Release|Any CPU.ActiveCfg = Release|Any CPU
		{D5D3E6B9-6311-4DEE-A7A2-7791EE36CA31}.Release|Any CPU.Build.0 = Release|Any CPU
	EndGlobalSection
	GlobalSection(SolutionProperties) = preSolution
		HideSolutionNode = FALSE
	EndGlobalSection
	GlobalSection(ExtensibilityGlobals) = postSolution
		SolutionGuid = {C43CB3E9-2006-4A74-994D-E1B68B1B639A}
	EndGlobalSection
EndGlobal
